
Microsoft Visual Studio Solution File, Format Version 12.00
Project("{FAE04EC0-301F-11D3-BF4B-00C04F79EFBC}") = "DockerDotNet.Presets", "DockerDotNet.Presets\DockerDotNet.Presets.csproj", "{76E6F614-8990-4632-9440-9804678C6298}"
EndProject
Project("{FAE04EC0-301F-11D3-BF4B-00C04F79EFBC}") = "Tests", "Tests\Tests.csproj", "{4BB3B428-215E-4484-A9D0-FFB4A329573A}"
EndProject
Global
	GlobalSection(SolutionConfigurationPlatforms) = preSolution
		Debug|Any CPU = Debug|Any CPU
		Release|Any CPU = Release|Any CPU
	EndGlobalSection
	GlobalSection(ProjectConfigurationPlatforms) = postSolution
		{76E6F614-8990-4632-9440-9804678C6298}.Debug|Any CPU.ActiveCfg = Debug|Any CPU
		{76E6F614-8990-4632-9440-9804678C6298}.Debug|Any CPU.Build.0 = Debug|Any CPU
		{76E6F614-8990-4632-9440-9804678C6298}.Release|Any CPU.ActiveCfg = Release|Any CPU
		{76E6F614-8990-4632-9440-9804678C6298}.Release|Any CPU.Build.0 = Release|Any CPU
		{4BB3B428-215E-4484-A9D0-FFB4A329573A}.Debug|Any CPU.ActiveCfg = Debug|Any CPU
		{4BB3B428-215E-4484-A9D0-FFB4A329573A}.Debug|Any CPU.Build.0 = Debug|Any CPU
		{4BB3B428-215E-4484-A9D0-FFB4A329573A}.Release|Any CPU.ActiveCfg = Release|Any CPU
		{4BB3B428-215E-4484-A9D0-FFB4A329573A}.Release|Any CPU.Build.0 = Release|Any CPU
	EndGlobalSection
EndGlobal
